// !$*UTF8*$!
{
	archiveVersion = 1;
	classes = {
	};
	objectVersion = 56;
	objects = {

/* Begin PBXBuildFile section */
		5561E6A82AFE5E5700ADD3AD /* CountryApp.swift in Sources */ = {isa = PBXBuildFile; fileRef = 5561E6A72AFE5E5700ADD3AD /* CountryApp.swift */; };
		5561E6AA2AFE5E5700ADD3AD /* ContentView.swift in Sources */ = {isa = PBXBuildFile; fileRef = 5561E6A92AFE5E5700ADD3AD /* ContentView.swift */; };
		5561E6AC2AFE5E5800ADD3AD /* Assets.xcassets in Resources */ = {isa = PBXBuildFile; fileRef = 5561E6AB2AFE5E5800ADD3AD /* Assets.xcassets */; };
		5561E6AF2AFE5E5800ADD3AD /* Preview Assets.xcassets in Resources */ = {isa = PBXBuildFile; fileRef = 5561E6AE2AFE5E5800ADD3AD /* Preview Assets.xcassets */; };
		5561E6B92AFE5E5900ADD3AD /* CountryTests.swift in Sources */ = {isa = PBXBuildFile; fileRef = 5561E6B82AFE5E5900ADD3AD /* CountryTests.swift */; };
		5561E6C32AFE5E5900ADD3AD /* CountryUITests.swift in Sources */ = {isa = PBXBuildFile; fileRef = 5561E6C22AFE5E5900ADD3AD /* CountryUITests.swift */; };
		5561E6C52AFE5E5900ADD3AD /* CountryUITestsLaunchTests.swift in Sources */ = {isa = PBXBuildFile; fileRef = 5561E6C42AFE5E5900ADD3AD /* CountryUITestsLaunchTests.swift */; };
		5561E6D22AFE5E8900ADD3AD /* ApiModel.swift in Sources */ = {isa = PBXBuildFile; fileRef = 5561E6D12AFE5E8900ADD3AD /* ApiModel.swift */; };
		5561E6D42AFE5EC700ADD3AD /* CountryViewModel.swift in Sources */ = {isa = PBXBuildFile; fileRef = 5561E6D32AFE5EC700ADD3AD /* CountryViewModel.swift */; };
/* End PBXBuildFile section */

/* Begin PBXContainerItemProxy section */
		5561E6B52AFE5E5900ADD3AD /* PBXContainerItemProxy */ = {
			isa = PBXContainerItemProxy;
			containerPortal = 5561E69C2AFE5E5700ADD3AD /* Project object */;
			proxyType = 1;
			remoteGlobalIDString = 5561E6A32AFE5E5700ADD3AD;
			remoteInfo = Country;
		};
		5561E6BF2AFE5E5900ADD3AD /* PBXContainerItemProxy */ = {
			isa = PBXContainerItemProxy;
			containerPortal = 5561E69C2AFE5E5700ADD3AD /* Project object */;
			proxyType = 1;
			remoteGlobalIDString = 5561E6A32AFE5E5700ADD3AD;
			remoteInfo = Country;
		};
/* End PBXContainerItemProxy section */

/* Begin PBXFileReference section */
		5561E6A42AFE5E5700ADD3AD /* Country.app */ = {isa = PBXFileReference; explicitFileType = wrapper.application; includeInIndex = 0; path = Country.app; sourceTree = BUILT_PRODUCTS_DIR; };
		5561E6A72AFE5E5700ADD3AD /* CountryApp.swift */ = {isa = PBXFileReference; lastKnownFileType = sourcecode.swift; path = CountryApp.swift; sourceTree = "<group>"; };
		5561E6A92AFE5E5700ADD3AD /* ContentView.swift */ = {isa = PBXFileReference; lastKnownFileType = sourcecode.swift; path = ContentView.swift; sourceTree = "<group>"; };
		5561E6AB2AFE5E5800ADD3AD /* Assets.xcassets */ = {isa = PBXFileReference; lastKnownFileType = folder.assetcatalog; path = Assets.xcassets; sourceTree = "<group>"; };
		5561E6AE2AFE5E5800ADD3AD /* Preview Assets.xcassets */ = {isa = PBXFileReference; lastKnownFileType = folder.assetcatalog; path = "Preview Assets.xcassets"; sourceTree = "<group>"; };
		5561E6B42AFE5E5900ADD3AD /* CountryTests.xctest */ = {isa = PBXFileReference; explicitFileType = wrapper.cfbundle; includeInIndex = 0; path = CountryTests.xctest; sourceTree = BUILT_PRODUCTS_DIR; };
		5561E6B82AFE5E5900ADD3AD /* CountryTests.swift */ = {isa = PBXFileReference; lastKnownFileType = sourcecode.swift; path = CountryTests.swift; sourceTree = "<group>"; };
		5561E6BE2AFE5E5900ADD3AD /* CountryUITests.xctest */ = {isa = PBXFileReference; explicitFileType = wrapper.cfbundle; includeInIndex = 0; path = CountryUITests.xctest; sourceTree = BUILT_PRODUCTS_DIR; };
		5561E6C22AFE5E5900ADD3AD /* CountryUITests.swift */ = {isa = PBXFileReference; lastKnownFileType = sourcecode.swift; path = CountryUITests.swift; sourceTree = "<group>"; };
		5561E6C42AFE5E5900ADD3AD /* CountryUITestsLaunchTests.swift */ = {isa = PBXFileReference; lastKnownFileType = sourcecode.swift; path = CountryUITestsLaunchTests.swift; sourceTree = "<group>"; };
		5561E6D12AFE5E8900ADD3AD /* ApiModel.swift */ = {isa = PBXFileReference; lastKnownFileType = sourcecode.swift; path = ApiModel.swift; sourceTree = "<group>"; };
		5561E6D32AFE5EC700ADD3AD /* CountryViewModel.swift */ = {isa = PBXFileReference; lastKnownFileType = sourcecode.swift; path = CountryViewModel.swift; sourceTree = "<group>"; };
/* End PBXFileReference section */

/* Begin PBXFrameworksBuildPhase section */
		5561E6A12AFE5E5700ADD3AD /* Frameworks */ = {
			isa = PBXFrameworksBuildPhase;
			buildActionMask = 2147483647;
			files = (
			);
			runOnlyForDeploymentPostprocessing = 0;
		};
		5561E6B12AFE5E5900ADD3AD /* Frameworks */ = {
			isa = PBXFrameworksBuildPhase;
			buildActionMask = 2147483647;
			files = (
			);
			runOnlyForDeploymentPostprocessing = 0;
		};
		5561E6BB2AFE5E5900ADD3AD /* Frameworks */ = {
			isa = PBXFrameworksBuildPhase;
			buildActionMask = 2147483647;
			files = (
			);
			runOnlyForDeploymentPostprocessing = 0;
		};
/* End PBXFrameworksBuildPhase section */

/* Begin PBXGroup section */
		5561E69B2AFE5E5700ADD3AD = {
			isa = PBXGroup;
			children = (
				5561E6A62AFE5E5700ADD3AD /* Country */,
				5561E6B72AFE5E5900ADD3AD /* CountryTests */,
				5561E6C12AFE5E5900ADD3AD /* CountryUITests */,
				5561E6A52AFE5E5700ADD3AD /* Products */,
			);
			sourceTree = "<group>";
		};
		5561E6A52AFE5E5700ADD3AD /* Products */ = {
			isa = PBXGroup;
			children = (
				5561E6A42AFE5E5700ADD3AD /* Country.app */,
				5561E6B42AFE5E5900ADD3AD /* CountryTests.xctest */,
				5561E6BE2AFE5E5900ADD3AD /* CountryUITests.xctest */,
			);
			name = Products;
			sourceTree = "<group>";
		};
		5561E6A62AFE5E5700ADD3AD /* Country */ = {
			isa = PBXGroup;
			children = (
				5561E6A72AFE5E5700ADD3AD /* CountryApp.swift */,
				5561E6A92AFE5E5700ADD3AD /* ContentView.swift */,
				5561E6D32AFE5EC700ADD3AD /* CountryViewModel.swift */,
				5561E6D12AFE5E8900ADD3AD /* ApiModel.swift */,
				5561E6AB2AFE5E5800ADD3AD /* Assets.xcassets */,
				5561E6AD2AFE5E5800ADD3AD /* Preview Content */,
			);
			path = Country;
			sourceTree = "<group>";
		};
		5561E6AD2AFE5E5800ADD3AD /* Preview Content */ = {
			isa = PBXGroup;
			children = (
				5561E6AE2AFE5E5800ADD3AD /* Preview Assets.xcassets */,
			);
			path = "Preview Content";
			sourceTree = "<group>";
		};
		5561E6B72AFE5E5900ADD3AD /* CountryTests */ = {
			isa = PBXGroup;
			children = (
				5561E6B82AFE5E5900ADD3AD /* CountryTests.swift */,
			);
			path = CountryTests;
			sourceTree = "<group>";
		};
		5561E6C12AFE5E5900ADD3AD /* CountryUITests */ = {
			isa = PBXGroup;
			children = (
				5561E6C22AFE5E5900ADD3AD /* CountryUITests.swift */,
				5561E6C42AFE5E5900ADD3AD /* CountryUITestsLaunchTests.swift */,
			);
			path = CountryUITests;
			sourceTree = "<group>";
		};
/* End PBXGroup section */

/* Begin PBXNativeTarget section */
		5561E6A32AFE5E5700ADD3AD /* Country */ = {
			isa = PBXNativeTarget;
			buildConfigurationList = 5561E6C82AFE5E5900ADD3AD /* Build configuration list for PBXNativeTarget "Country" */;
			buildPhases = (
				5561E6A02AFE5E5700ADD3AD /* Sources */,
				5561E6A12AFE5E5700ADD3AD /* Frameworks */,
				5561E6A22AFE5E5700ADD3AD /* Resources */,
			);
			buildRules = (
			);
			dependencies = (
			);
			name = Country;
			productName = Country;
			productReference = 5561E6A42AFE5E5700ADD3AD /* Country.app */;
			productType = "com.apple.product-type.application";
		};
		5561E6B32AFE5E5900ADD3AD /* CountryTests */ = {
			isa = PBXNativeTarget;
			buildConfigurationList = 5561E6CB2AFE5E5900ADD3AD /* Build configuration list for PBXNativeTarget "CountryTests" */;
			buildPhases = (
				5561E6B02AFE5E5900ADD3AD /* Sources */,
				5561E6B12AFE5E5900ADD3AD /* Frameworks */,
				5561E6B22AFE5E5900ADD3AD /* Resources */,
			);
			buildRules = (
			);
			dependencies = (
				5561E6B62AFE5E5900ADD3AD /* PBXTargetDependency */,
			);
			name = CountryTests;
			productName = CountryTests;
			productReference = 5561E6B42AFE5E5900ADD3AD /* CountryTests.xctest */;
			productType = "com.apple.product-type.bundle.unit-test";
		};
		5561E6BD2AFE5E5900ADD3AD /* CountryUITests */ = {
			isa = PBXNativeTarget;
			buildConfigurationList = 5561E6CE2AFE5E5900ADD3AD /* Build configuration list for PBXNativeTarget "CountryUITests" */;
			buildPhases = (
				5561E6BA2AFE5E5900ADD3AD /* Sources */,
				5561E6BB2AFE5E5900ADD3AD /* Frameworks */,
				5561E6BC2AFE5E5900ADD3AD /* Resources */,
			);
			buildRules = (
			);
			dependencies = (
				5561E6C02AFE5E5900ADD3AD /* PBXTargetDependency */,
			);
			name = CountryUITests;
			productName = CountryUITests;
			productReference = 5561E6BE2AFE5E5900ADD3AD /* CountryUITests.xctest */;
			productType = "com.apple.product-type.bundle.ui-testing";
		};
/* End PBXNativeTarget section */

/* Begin PBXProject section */
		5561E69C2AFE5E5700ADD3AD /* Project object */ = {
			isa = PBXProject;
			attributes = {
				BuildIndependentTargetsInParallel = 1;
				LastSwiftUpdateCheck = 1500;
				LastUpgradeCheck = 1500;
				TargetAttributes = {
					5561E6A32AFE5E5700ADD3AD = {
						CreatedOnToolsVersion = 15.0.1;
					};
					5561E6B32AFE5E5900ADD3AD = {
						CreatedOnToolsVersion = 15.0.1;
						TestTargetID = 5561E6A32AFE5E5700ADD3AD;
					};
					5561E6BD2AFE5E5900ADD3AD = {
						CreatedOnToolsVersion = 15.0.1;
						TestTargetID = 5561E6A32AFE5E5700ADD3AD;
					};
				};
			};
			buildConfigurationList = 5561E69F2AFE5E5700ADD3AD /* Build configuration list for PBXProject "Country" */;
			compatibilityVersion = "Xcode 14.0";
			developmentRegion = en;
			hasScannedForEncodings = 0;
			knownRegions = (
				en,
				Base,
			);
			mainGroup = 5561E69B2AFE5E5700ADD3AD;
			productRefGroup = 5561E6A52AFE5E5700ADD3AD /* Products */;
			projectDirPath = "";
			projectRoot = "";
			targets = (
				5561E6A32AFE5E5700ADD3AD /* Country */,
				5561E6B32AFE5E5900ADD3AD /* CountryTests */,
				5561E6BD2AFE5E5900ADD3AD /* CountryUITests */,
			);
		};
/* End PBXProject section */

/* Begin PBXResourcesBuildPhase section */
		5561E6A22AFE5E5700ADD3AD /* Resources */ = {
			isa = PBXResourcesBuildPhase;
			buildActionMask = 2147483647;
			files = (
				5561E6AF2AFE5E5800ADD3AD /* Preview Assets.xcassets in Resources */,
				5561E6AC2AFE5E5800ADD3AD /* Assets.xcassets in Resources */,
			);
			runOnlyForDeploymentPostprocessing = 0;
		};
		5561E6B22AFE5E5900ADD3AD /* Resources */ = {
			isa = PBXResourcesBuildPhase;
			buildActionMask = 2147483647;
			files = (
			);
			runOnlyForDeploymentPostprocessing = 0;
		};
		5561E6BC2AFE5E5900ADD3AD /* Resources */ = {
			isa = PBXResourcesBuildPhase;
			buildActionMask = 2147483647;
			files = (
			);
			runOnlyForDeploymentPostprocessing = 0;
		};
/* End PBXResourcesBuildPhase section */

/* Begin PBXSourcesBuildPhase section */
		5561E6A02AFE5E5700ADD3AD /* Sources */ = {
			isa = PBXSourcesBuildPhase;
			buildActionMask = 2147483647;
			files = (
				5561E6AA2AFE5E5700ADD3AD /* ContentView.swift in Sources */,
				5561E6D42AFE5EC700ADD3AD /* CountryViewModel.swift in Sources */,
				5561E6D22AFE5E8900ADD3AD /* ApiModel.swift in Sources */,
				5561E6A82AFE5E5700ADD3AD /* CountryApp.swift in Sources */,
			);
			runOnlyForDeploymentPostprocessing = 0;
		};
		5561E6B02AFE5E5900ADD3AD /* Sources */ = {
			isa = PBXSourcesBuildPhase;
			buildActionMask = 2147483647;
			files = (
				5561E6B92AFE5E5900ADD3AD /* CountryTests.swift in Sources */,
			);
			runOnlyForDeploymentPostprocessing = 0;
		};
		5561E6BA2AFE5E5900ADD3AD /* Sources */ = {
			isa = PBXSourcesBuildPhase;
			buildActionMask = 2147483647;
			files = (
				5561E6C32AFE5E5900ADD3AD /* CountryUITests.swift in Sources */,
				5561E6C52AFE5E5900ADD3AD /* CountryUITestsLaunchTests.swift in Sources */,
			);
			runOnlyForDeploymentPostprocessing = 0;
		};
/* End PBXSourcesBuildPhase section */

/* Begin PBXTargetDependency section */
		5561E6B62AFE5E5900ADD3AD /* PBXTargetDependency */ = {
			isa = PBXTargetDependency;
			target = 5561E6A32AFE5E5700ADD3AD /* Country */;
			targetProxy = 5561E6B52AFE5E5900ADD3AD /* PBXContainerItemProxy */;
		};
		5561E6C02AFE5E5900ADD3AD /* PBXTargetDependency */ = {
			isa = PBXTargetDependency;
			target = 5561E6A32AFE5E5700ADD3AD /* Country */;
			targetProxy = 5561E6BF2AFE5E5900ADD3AD /* PBXContainerItemProxy */;
		};
/* End PBXTargetDependency section */

/* Begin XCBuildConfiguration section */
		5561E6C62AFE5E5900ADD3AD /* Debug */ = {
			isa = XCBuildConfiguration;
			buildSettings = {
				ALWAYS_SEARCH_USER_PATHS = NO;
				ASSETCATALOG_COMPILER_GENERATE_SWIFT_ASSET_SYMBOL_EXTENSIONS = YES;
				CLANG_ANALYZER_NONNULL = YES;
				CLANG_ANALYZER_NUMBER_OBJECT_CONVERSION = YES_AGGRESSIVE;
				CLANG_CXX_LANGUAGE_STANDARD = "gnu++20";
				CLANG_ENABLE_MODULES = YES;
				CLANG_ENABLE_OBJC_ARC = YES;
				CLANG_ENABLE_OBJC_WEAK = YES;
				CLANG_WARN_BLOCK_CAPTURE_AUTORELEASING = YES;
				CLANG_WARN_BOOL_CONVERSION = YES;
				CLANG_WARN_COMMA = YES;
				CLANG_WARN_CONSTANT_CONVERSION = YES;
				CLANG_WARN_DEPRECATED_OBJC_IMPLEMENTATIONS = YES;
				CLANG_WARN_DIRECT_OBJC_ISA_USAGE = YES_ERROR;
				CLANG_WARN_DOCUMENTATION_COMMENTS = YES;
				CLANG_WARN_EMPTY_BODY = YES;
				CLANG_WARN_ENUM_CONVERSION = YES;
				CLANG_WARN_INFINITE_RECURSION = YES;
				CLANG_WARN_INT_CONVERSION = YES;
				CLANG_WARN_NON_LITERAL_NULL_CONVERSION = YES;
				CLANG_WARN_OBJC_IMPLICIT_RETAIN_SELF = YES;
				CLANG_WARN_OBJC_LITERAL_CONVERSION = YES;
				CLANG_WARN_OBJC_ROOT_CLASS = YES_ERROR;
				CLANG_WARN_QUOTED_INCLUDE_IN_FRAMEWORK_HEADER = YES;
				CLANG_WARN_RANGE_LOOP_ANALYSIS = YES;
				CLANG_WARN_STRICT_PROTOTYPES = YES;
				CLANG_WARN_SUSPICIOUS_MOVE = YES;
				CLANG_WARN_UNGUARDED_AVAILABILITY = YES_AGGRESSIVE;
				CLANG_WARN_UNREACHABLE_CODE = YES;
				CLANG_WARN__DUPLICATE_METHOD_MATCH = YES;
				COPY_PHASE_STRIP = NO;
				DEBUG_INFORMATION_FORMAT = dwarf;
				ENABLE_STRICT_OBJC_MSGSEND = YES;
				ENABLE_TESTABILITY = YES;
				ENABLE_USER_SCRIPT_SANDBOXING = YES;
				GCC_C_LANGUAGE_STANDARD = gnu17;
				GCC_DYNAMIC_NO_PIC = NO;
				GCC_NO_COMMON_BLOCKS = YES;
				GCC_OPTIMIZATION_LEVEL = 0;
				GCC_PREPROCESSOR_DEFINITIONS = (
					"DEBUG=1",
					"$(inherited)",
				);
				GCC_WARN_64_TO_32_BIT_CONVERSION = YES;
				GCC_WARN_ABOUT_RETURN_TYPE = YES_ERROR;
				GCC_WARN_UNDECLARED_SELECTOR = YES;
				GCC_WARN_UNINITIALIZED_AUTOS = YES_AGGRESSIVE;
				GCC_WARN_UNUSED_FUNCTION = YES;
				GCC_WARN_UNUSED_VARIABLE = YES;
				IPHONEOS_DEPLOYMENT_TARGET = 17.0;
				LOCALIZATION_PREFERS_STRING_CATALOGS = YES;
				MTL_ENABLE_DEBUG_INFO = INCLUDE_SOURCE;
				MTL_FAST_MATH = YES;
				ONLY_ACTIVE_ARCH = YES;
				SDKROOT = iphoneos;
				SWIFT_ACTIVE_COMPILATION_CONDITIONS = "DEBUG $(inherited)";
				SWIFT_OPTIMIZATION_LEVEL = "-Onone";
			};
			name = Debug;
		};
		5561E6C72AFE5E5900ADD3AD /* Release */ = {
			isa = XCBuildConfiguration;
			buildSettings = {
				ALWAYS_SEARCH_USER_PATHS = NO;
				ASSETCATALOG_COMPILER_GENERATE_SWIFT_ASSET_SYMBOL_EXTENSIONS = YES;
				CLANG_ANALYZER_NONNULL = YES;
				CLANG_ANALYZER_NUMBER_OBJECT_CONVERSION = YES_AGGRESSIVE;
				CLANG_CXX_LANGUAGE_STANDARD = "gnu++20";
				CLANG_ENABLE_MODULES = YES;
				CLANG_ENABLE_OBJC_ARC = YES;
				CLANG_ENABLE_OBJC_WEAK = YES;
				CLANG_WARN_BLOCK_CAPTURE_AUTORELEASING = YES;
				CLANG_WARN_BOOL_CONVERSION = YES;
				CLANG_WARN_COMMA = YES;
				CLANG_WARN_CONSTANT_CONVERSION = YES;
				CLANG_WARN_DEPRECATED_OBJC_IMPLEMENTATIONS = YES;
				CLANG_WARN_DIRECT_OBJC_ISA_USAGE = YES_ERROR;
				CLANG_WARN_DOCUMENTATION_COMMENTS = YES;
				CLANG_WARN_EMPTY_BODY = YES;
				CLANG_WARN_ENUM_CONVERSION = YES;
				CLANG_WARN_INFINITE_RECURSION = YES;
				CLANG_WARN_INT_CONVERSION = YES;
				CLANG_WARN_NON_LITERAL_NULL_CONVERSION = YES;
				CLANG_WARN_OBJC_IMPLICIT_RETAIN_SELF = YES;
				CLANG_WARN_OBJC_LITERAL_CONVERSION = YES;
				CLANG_WARN_OBJC_ROOT_CLASS = YES_ERROR;
				CLANG_WARN_QUOTED_INCLUDE_IN_FRAMEWORK_HEADER = YES;
				CLANG_WARN_RANGE_LOOP_ANALYSIS = YES;
				CLANG_WARN_STRICT_PROTOTYPES = YES;
				CLANG_WARN_SUSPICIOUS_MOVE = YES;
				CLANG_WARN_UNGUARDED_AVAILABILITY = YES_AGGRESSIVE;
				CLANG_WARN_UNREACHABLE_CODE = YES;
				CLANG_WARN__DUPLICATE_METHOD_MATCH = YES;
				COPY_PHASE_STRIP = NO;
				DEBUG_INFORMATION_FORMAT = "dwarf-with-dsym";
				ENABLE_NS_ASSERTIONS = NO;
				ENABLE_STRICT_OBJC_MSGSEND = YES;
				ENABLE_USER_SCRIPT_SANDBOXING = YES;
				GCC_C_LANGUAGE_STANDARD = gnu17;
				GCC_NO_COMMON_BLOCKS = YES;
				GCC_WARN_64_TO_32_BIT_CONVERSION = YES;
				GCC_WARN_ABOUT_RETURN_TYPE = YES_ERROR;
				GCC_WARN_UNDECLARED_SELECTOR = YES;
				GCC_WARN_UNINITIALIZED_AUTOS = YES_AGGRESSIVE;
				GCC_WARN_UNUSED_FUNCTION = YES;
				GCC_WARN_UNUSED_VARIABLE = YES;
				IPHONEOS_DEPLOYMENT_TARGET = 17.0;
				LOCALIZATION_PREFERS_STRING_CATALOGS = YES;
				MTL_ENABLE_DEBUG_INFO = NO;
				MTL_FAST_MATH = YES;
				SDKROOT = iphoneos;
				SWIFT_COMPILATION_MODE = wholemodule;
				VALIDATE_PRODUCT = YES;
			};
			name = Release;
		};
		5561E6C92AFE5E5900ADD3AD /* Debug */ = {
			isa = XCBuildConfiguration;
			buildSettings = {
				ASSETCATALOG_COMPILER_APPICON_NAME = AppIcon;
				ASSETCATALOG_COMPILER_GLOBAL_ACCENT_COLOR_NAME = AccentColor;
				CODE_SIGN_STYLE = Automatic;
				CURRENT_PROJECT_VERSION = 1;
				DEVELOPMENT_ASSET_PATHS = "\"Country/Preview Content\"";
				DEVELOPMENT_TEAM = D5KAPKZ36N;
				ENABLE_PREVIEWS = YES;
				GENERATE_INFOPLIST_FILE = YES;
				INFOPLIST_KEY_UIApplicationSceneManifest_Generation = YES;
				INFOPLIST_KEY_UIApplicationSupportsIndirectInputEvents = YES;
				INFOPLIST_KEY_UILaunchScreen_Generation = YES;
				INFOPLIST_KEY_UISupportedInterfaceOrientations_iPad = "UIInterfaceOrientationPortrait UIInterfaceOrientationPortraitUpsideDown UIInterfaceOrientationLandscapeLeft UIInterfaceOrientationLandscapeRight";
				INFOPLIST_KEY_UISupportedInterfaceOrientations_iPhone = "UIInterfaceOrientationPortrait UIInterfaceOrientationLandscapeLeft UIInterfaceOrientationLandscapeRight";
				LD_RUNPATH_SEARCH_PATHS = (
					"$(inherited)",
					"@executable_path/Frameworks",
				);
				MARKETING_VERSION = 1.0;
				PRODUCT_BUNDLE_IDENTIFIER = app.Country;
				PRODUCT_NAME = "$(TARGET_NAME)";
				SWIFT_EMIT_LOC_STRINGS = YES;
				SWIFT_VERSION = 5.0;
				TARGETED_DEVICE_FAMILY = "1,2";
			};
			name = Debug;
		};
		5561E6CA2AFE5E5900ADD3AD /* Release */ = {
			isa = XCBuildConfiguration;
			buildSettings = {
				ASSETCATALOG_COMPILER_APPICON_NAME = AppIcon;
				ASSETCATALOG_COMPILER_GLOBAL_ACCENT_COLOR_NAME = AccentColor;
				CODE_SIGN_STYLE = Automatic;
				CURRENT_PROJECT_VERSION = 1;
				DEVELOPMENT_ASSET_PATHS = "\"Country/Preview Content\"";
				DEVELOPMENT_TEAM = D5KAPKZ36N;
				ENABLE_PREVIEWS = YES;
				GENERATE_INFOPLIST_FILE = YES;
				INFOPLIST_KEY_UIApplicationSceneManifest_Generation = YES;
				INFOPLIST_KEY_UIApplicationSupportsIndirectInputEvents = YES;
				INFOPLIST_KEY_UILaunchScreen_Generation = YES;
				INFOPLIST_KEY_UISupportedInterfaceOrientations_iPad = "UIInterfaceOrientationPortrait UIInterfaceOrientationPortraitUpsideDown UIInterfaceOrientationLandscapeLeft UIInterfaceOrientationLandscapeRight";
				INFOPLIST_KEY_UISupportedInterfaceOrientations_iPhone = "UIInterfaceOrientationPortrait UIInterfaceOrientationLandscapeLeft UIInterfaceOrientationLandscapeRight";
				LD_RUNPATH_SEARCH_PATHS = (
					"$(inherited)",
					"@executable_path/Frameworks",
				);
				MARKETING_VERSION = 1.0;
				PRODUCT_BUNDLE_IDENTIFIER = app.Country;
				PRODUCT_NAME = "$(TARGET_NAME)";
				SWIFT_EMIT_LOC_STRINGS = YES;
				SWIFT_VERSION = 5.0;
				TARGETED_DEVICE_FAMILY = "1,2";
			};
			name = Release;
		};
		5561E6CC2AFE5E5900ADD3AD /* Debug */ = {
			isa = XCBuildConfiguration;
			buildSettings = {
				ALWAYS_EMBED_SWIFT_STANDARD_LIBRARIES = YES;
				BUNDLE_LOADER = "$(TEST_HOST)";
				CODE_SIGN_STYLE = Automatic;
				CURRENT_PROJECT_VERSION = 1;
				DEVELOPMENT_TEAM = D5KAPKZ36N;
				GENERATE_INFOPLIST_FILE = YES;
				IPHONEOS_DEPLOYMENT_TARGET = 17.0;
				MARKETING_VERSION = 1.0;
				PRODUCT_BUNDLE_IDENTIFIER = app.CountryTests;
				PRODUCT_NAME = "$(TARGET_NAME)";
				SWIFT_EMIT_LOC_STRINGS = NO;
				SWIFT_VERSION = 5.0;
				TARGETED_DEVICE_FAMILY = "1,2";
				TEST_HOST = "$(BUILT_PRODUCTS_DIR)/Country.app/$(BUNDLE_EXECUTABLE_FOLDER_PATH)/Country";
			};
			name = Debug;
		};
		5561E6CD2AFE5E5900ADD3AD /* Release */ = {
			isa = XCBuildConfiguration;
			buildSettings = {
				ALWAYS_EMBED_SWIFT_STANDARD_LIBRARIES = YES;
				BUNDLE_LOADER = "$(TEST_HOST)";
				CODE_SIGN_STYLE = Automatic;
				CURRENT_PROJECT_VERSION = 1;
				DEVELOPMENT_TEAM = D5KAPKZ36N;
				GENERATE_INFOPLIST_FILE = YES;
				IPHONEOS_DEPLOYMENT_TARGET = 17.0;
				MARKETING_VERSION = 1.0;
				PRODUCT_BUNDLE_IDENTIFIER = app.CountryTests;
				PRODUCT_NAME = "$(TARGET_NAME)";
				SWIFT_EMIT_LOC_STRINGS = NO;
				SWIFT_VERSION = 5.0;
				TARGETED_DEVICE_FAMILY = "1,2";
				TEST_HOST = "$(BUILT_PRODUCTS_DIR)/Country.app/$(BUNDLE_EXECUTABLE_FOLDER_PATH)/Country";
			};
			name = Release;
		};
		5561E6CF2AFE5E5900ADD3AD /* Debug */ = {
			isa = XCBuildConfiguration;
			buildSettings = {
				ALWAYS_EMBED_SWIFT_STANDARD_LIBRARIES = YES;
				CODE_SIGN_STYLE = Automatic;
				CURRENT_PROJECT_VERSION = 1;
				DEVELOPMENT_TEAM = D5KAPKZ36N;
				GENERATE_INFOPLIST_FILE = YES;
				MARKETING_VERSION = 1.0;
				PRODUCT_BUNDLE_IDENTIFIER = app.CountryUITests;
				PRODUCT_NAME = "$(TARGET_NAME)";
				SWIFT_EMIT_LOC_STRINGS = NO;
				SWIFT_VERSION = 5.0;
				TARGETED_DEVICE_FAMILY = "1,2";
				TEST_TARGET_NAME = Country;
			};
			name = Debug;
		};
		5561E6D02AFE5E5900ADD3AD /* Release */ = {
			isa = XCBuildConfiguration;
			buildSettings = {
				ALWAYS_EMBED_SWIFT_STANDARD_LIBRARIES = YES;
				CODE_SIGN_STYLE = Automatic;
				CURRENT_PROJECT_VERSION = 1;
				DEVELOPMENT_TEAM = D5KAPKZ36N;
				GENERATE_INFOPLIST_FILE = YES;
				MARKETING_VERSION = 1.0;
				PRODUCT_BUNDLE_IDENTIFIER = app.CountryUITests;
				PRODUCT_NAME = "$(TARGET_NAME)";
				SWIFT_EMIT_LOC_STRINGS = NO;
				SWIFT_VERSION = 5.0;
				TARGETED_DEVICE_FAMILY = "1,2";
				TEST_TARGET_NAME = Country;
			};
			name = Release;
		};
/* End XCBuildConfiguration section */

/* Begin XCConfigurationList section */
		5561E69F2AFE5E5700ADD3AD /* Build configuration list for PBXProject "Country" */ = {
			isa = XCConfigurationList;
			buildConfigurations = (
				5561E6C62AFE5E5900ADD3AD /* Debug */,
				5561E6C72AFE5E5900ADD3AD /* Release */,
			);
			defaultConfigurationIsVisible = 0;
			defaultConfigurationName = Release;
		};
		5561E6C82AFE5E5900ADD3AD /* Build configuration list for PBXNativeTarget "Country" */ = {
			isa = XCConfigurationList;
			buildConfigurations = (
				5561E6C92AFE5E5900ADD3AD /* Debug */,
				5561E6CA2AFE5E5900ADD3AD /* Release */,
			);
			defaultConfigurationIsVisible = 0;
			defaultConfigurationName = Release;
		};
		5561E6CB2AFE5E5900ADD3AD /* Build configuration list for PBXNativeTarget "CountryTests" */ = {
			isa = XCConfigurationList;
			buildConfigurations = (
				5561E6CC2AFE5E5900ADD3AD /* Debug */,
				5561E6CD2AFE5E5900ADD3AD /* Release */,
			);
			defaultConfigurationIsVisible = 0;
			defaultConfigurationName = Release;
		};
		5561E6CE2AFE5E5900ADD3AD /* Build configuration list for PBXNativeTarget "CountryUITests" */ = {
			isa = XCConfigurationList;
			buildConfigurations = (
				5561E6CF2AFE5E5900ADD3AD /* Debug */,
				5561E6D02AFE5E5900ADD3AD /* Release */,
			);
			defaultConfigurationIsVisible = 0;
			defaultConfigurationName = Release;
		};
/* End XCConfigurationList section */
	};
	rootObject = 5561E69C2AFE5E5700ADD3AD /* Project object */;
}
